
Microsoft Visual Studio Solution File, Format Version 12.00
# Visual Studio Version 17
VisualStudioVersion = 17.11.35327.3
MinimumVisualStudioVersion = 10.0.40219.1
Project("{FAE04EC0-301F-11D3-BF4B-00C04F79EFBC}") = "CarParkingWebApi", "CarParkingWebApi.csproj", "{32B7A05D-2D7D-4BAB-8F6B-82A2313E2483}"
EndProject
Global
	GlobalSection(SolutionConfigurationPlatforms) = preSolution
		Debug|Any CPU = Debug|Any CPU
		Release|Any CPU = Release|Any CPU
	EndGlobalSection
	GlobalSection(ProjectConfigurationPlatforms) = postSolution
		{32B7A05D-2D7D-4BAB-8F6B-82A2313E2483}.Debug|Any CPU.ActiveCfg = Debug|Any CPU
		{32B7A05D-2D7D-4BAB-8F6B-82A2313E2483}.Debug|Any CPU.Build.0 = Debug|Any CPU
		{32B7A05D-2D7D-4BAB-8F6B-82A2313E2483}.Release|Any CPU.ActiveCfg = Release|Any CPU
		{32B7A05D-2D7D-4BAB-8F6B-82A2313E2483}.Release|Any CPU.Build.0 = Release|Any CPU
	EndGlobalSection
	GlobalSection(SolutionProperties) = preSolution
		HideSolutionNode = FALSE
	EndGlobalSection
	GlobalSection(ExtensibilityGlobals) = postSolution
		SolutionGuid = {AB430BCB-0F0D-4D2D-8129-7629CF27B274}
	EndGlobalSection
EndGlobal
